
Microsoft Visual Studio Solution File, Format Version 12.00
# Visual Studio 15
VisualStudioVersion = 15.0.28307.168
MinimumVisualStudioVersion = 10.0.40219.1
Project("{FAE04EC0-301F-11D3-BF4B-00C04F79EFBC}") = "Stg", "Stg\Stg.csproj", "{8E29610D-ECDB-4D5E-90A4-D4D927767CFE}"
EndProject
Global
	GlobalSection(SolutionConfigurationPlatforms) = preSolution
		Debug|Any CPU = Debug|Any CPU
		Release|Any CPU = Release|Any CPU
	EndGlobalSection
	GlobalSection(ProjectConfigurationPlatforms) = postSolution
		{8E29610D-ECDB-4D5E-90A4-D4D927767CFE}.Debug|Any CPU.ActiveCfg = Debug|Any CPU
		{8E29610D-ECDB-4D5E-90A4-D4D927767CFE}.Debug|Any CPU.Build.0 = Debug|Any CPU
		{8E29610D-ECDB-4D5E-90A4-D4D927767CFE}.Release|Any CPU.ActiveCfg = Release|Any CPU
		{8E29610D-ECDB-4D5E-90A4-D4D927767CFE}.Release|Any CPU.Build.0 = Release|Any CPU
	EndGlobalSection
	GlobalSection(SolutionProperties) = preSolution
		HideSolutionNode = FALSE
	EndGlobalSection
	GlobalSection(ExtensibilityGlobals) = postSolution
		SolutionGuid = {E0292BFE-FE31-45E0-95F1-76AC255709F9}
	EndGlobalSection
EndGlobal
